
Microsoft Visual Studio Solution File, Format Version 12.00
# Visual Studio Version 17
VisualStudioVersion = 17.6.33815.320
MinimumVisualStudioVersion = 10.0.40219.1
Project("{9A19103F-16F7-4668-BE54-9A1E7A4F7556}") = "GildedRose.Console", "GildedRose.Console\GildedRose.Console.csproj", "{FA09A7B8-EC61-4989-AEB9-C815FB2E7E71}"
EndProject
Project("{2150E333-8FDC-42A3-9474-1A3956D46DE8}") = "Solution Items", "Solution Items", "{D21543FE-8678-4B54-BEAC-233C8E424778}"
	ProjectSection(SolutionItems) = preProject
		..\README.md = ..\README.md
	EndProjectSection
EndProject
Project("{9A19103F-16F7-4668-BE54-9A1E7A4F7556}") = "GildedRose.Domain", "GildedRose.Domain\GildedRose.Domain.csproj", "{86D1E2FB-566F-4C11-8543-2BF399C89586}"
EndProject
Project("{9A19103F-16F7-4668-BE54-9A1E7A4F7556}") = "GildedRose.Application", "GildedRose.Application\GildedRose.Application.csproj", "{67B19E4A-C67E-4548-9102-C0876FC9D9E3}"
EndProject
Project("{9A19103F-16F7-4668-BE54-9A1E7A4F7556}") = "GildedRose.Infrastructure", "GildedRose.Infrastructure\GildedRose.Infrastructure.csproj", "{36B27D23-0A57-4BAA-AB7C-E6EE96F2BEEA}"
EndProject
Project("{9A19103F-16F7-4668-BE54-9A1E7A4F7556}") = "GildedRose.Console.Tests", "GildedRose.Console.Tests\GildedRose.Console.Tests.csproj", "{697CA4DE-ABFD-4952-BF46-6CF01DEC8DE5}"
EndProject
Project("{FAE04EC0-301F-11D3-BF4B-00C04F79EFBC}") = "GildedRose.Application.Tests", "GildedRose.Application.Tests\GildedRose.Application.Tests.csproj", "{B3F4B46F-0527-488F-9B6C-98771CEEA133}"
EndProject
Project("{2150E333-8FDC-42A3-9474-1A3956D46DE8}") = "00.Console", "00.Console", "{E33D67CA-C72C-4F9D-8F30-76ACAFA0FAC8}"
EndProject
Project("{2150E333-8FDC-42A3-9474-1A3956D46DE8}") = "01.Application", "01.Application", "{180B2380-0C47-4C18-A063-0F0BFBA68CA6}"
EndProject
Project("{2150E333-8FDC-42A3-9474-1A3956D46DE8}") = "02.Domain", "02.Domain", "{1110C67A-A847-4808-8905-E2CE35C4F7D4}"
EndProject
Project("{2150E333-8FDC-42A3-9474-1A3956D46DE8}") = "03.Infrastructure", "03.Infrastructure", "{A7284F14-862C-43CE-915C-74E374D23768}"
EndProject
Project("{9A19103F-16F7-4668-BE54-9A1E7A4F7556}") = "GildedRose.CompositionRoot", "GildedRose.CompositionRoot\GildedRose.CompositionRoot.csproj", "{165A0ED8-C6AB-496D-B03A-C144431D408B}"
EndProject
Global
	GlobalSection(SolutionConfigurationPlatforms) = preSolution
		Debug|Any CPU = Debug|Any CPU
		Release|Any CPU = Release|Any CPU
	EndGlobalSection
	GlobalSection(ProjectConfigurationPlatforms) = postSolution
		{FA09A7B8-EC61-4989-AEB9-C815FB2E7E71}.Debug|Any CPU.ActiveCfg = Debug|Any CPU
		{FA09A7B8-EC61-4989-AEB9-C815FB2E7E71}.Debug|Any CPU.Build.0 = Debug|Any CPU
		{FA09A7B8-EC61-4989-AEB9-C815FB2E7E71}.Release|Any CPU.ActiveCfg = Release|Any CPU
		{FA09A7B8-EC61-4989-AEB9-C815FB2E7E71}.Release|Any CPU.Build.0 = Release|Any CPU
		{86D1E2FB-566F-4C11-8543-2BF399C89586}.Debug|Any CPU.ActiveCfg = Debug|Any CPU
		{86D1E2FB-566F-4C11-8543-2BF399C89586}.Debug|Any CPU.Build.0 = Debug|Any CPU
		{86D1E2FB-566F-4C11-8543-2BF399C89586}.Release|Any CPU.ActiveCfg = Release|Any CPU
		{86D1E2FB-566F-4C11-8543-2BF399C89586}.Release|Any CPU.Build.0 = Release|Any CPU
		{67B19E4A-C67E-4548-9102-C0876FC9D9E3}.Debug|Any CPU.ActiveCfg = Debug|Any CPU
		{67B19E4A-C67E-4548-9102-C0876FC9D9E3}.Debug|Any CPU.Build.0 = Debug|Any CPU
		{67B19E4A-C67E-4548-9102-C0876FC9D9E3}.Release|Any CPU.ActiveCfg = Release|Any CPU
		{67B19E4A-C67E-4548-9102-C0876FC9D9E3}.Release|Any CPU.Build.0 = Release|Any CPU
		{36B27D23-0A57-4BAA-AB7C-E6EE96F2BEEA}.Debug|Any CPU.ActiveCfg = Debug|Any CPU
		{36B27D23-0A57-4BAA-AB7C-E6EE96F2BEEA}.Debug|Any CPU.Build.0 = Debug|Any CPU
		{36B27D23-0A57-4BAA-AB7C-E6EE96F2BEEA}.Release|Any CPU.ActiveCfg = Release|Any CPU
		{36B27D23-0A57-4BAA-AB7C-E6EE96F2BEEA}.Release|Any CPU.Build.0 = Release|Any CPU
		{697CA4DE-ABFD-4952-BF46-6CF01DEC8DE5}.Debug|Any CPU.ActiveCfg = Debug|Any CPU
		{697CA4DE-ABFD-4952-BF46-6CF01DEC8DE5}.Debug|Any CPU.Build.0 = Debug|Any CPU
		{697CA4DE-ABFD-4952-BF46-6CF01DEC8DE5}.Release|Any CPU.ActiveCfg = Release|Any CPU
		{697CA4DE-ABFD-4952-BF46-6CF01DEC8DE5}.Release|Any CPU.Build.0 = Release|Any CPU
		{B3F4B46F-0527-488F-9B6C-98771CEEA133}.Debug|Any CPU.ActiveCfg = Debug|Any CPU
		{B3F4B46F-0527-488F-9B6C-98771CEEA133}.Debug|Any CPU.Build.0 = Debug|Any CPU
		{B3F4B46F-0527-488F-9B6C-98771CEEA133}.Release|Any CPU.ActiveCfg = Release|Any CPU
		{B3F4B46F-0527-488F-9B6C-98771CEEA133}.Release|Any CPU.Build.0 = Release|Any CPU
		{165A0ED8-C6AB-496D-B03A-C144431D408B}.Debug|Any CPU.ActiveCfg = Debug|Any CPU
		{165A0ED8-C6AB-496D-B03A-C144431D408B}.Debug|Any CPU.Build.0 = Debug|Any CPU
		{165A0ED8-C6AB-496D-B03A-C144431D408B}.Release|Any CPU.ActiveCfg = Release|Any CPU
		{165A0ED8-C6AB-496D-B03A-C144431D408B}.Release|Any CPU.Build.0 = Release|Any CPU
	EndGlobalSection
	GlobalSection(SolutionProperties) = preSolution
		HideSolutionNode = FALSE
	EndGlobalSection
	GlobalSection(NestedProjects) = preSolution
		{FA09A7B8-EC61-4989-AEB9-C815FB2E7E71} = {E33D67CA-C72C-4F9D-8F30-76ACAFA0FAC8}
		{86D1E2FB-566F-4C11-8543-2BF399C89586} = {1110C67A-A847-4808-8905-E2CE35C4F7D4}
		{67B19E4A-C67E-4548-9102-C0876FC9D9E3} = {180B2380-0C47-4C18-A063-0F0BFBA68CA6}
		{36B27D23-0A57-4BAA-AB7C-E6EE96F2BEEA} = {A7284F14-862C-43CE-915C-74E374D23768}
		{697CA4DE-ABFD-4952-BF46-6CF01DEC8DE5} = {E33D67CA-C72C-4F9D-8F30-76ACAFA0FAC8}
		{B3F4B46F-0527-488F-9B6C-98771CEEA133} = {180B2380-0C47-4C18-A063-0F0BFBA68CA6}
		{165A0ED8-C6AB-496D-B03A-C144431D408B} = {E33D67CA-C72C-4F9D-8F30-76ACAFA0FAC8}
	EndGlobalSection
	GlobalSection(ExtensibilityGlobals) = postSolution
		SolutionGuid = {F2986FA7-7EAA-4A8E-9092-7E864091FDD3}
	EndGlobalSection
EndGlobal
