
Microsoft Visual Studio Solution File, Format Version 12.00
# Visual Studio Version 16
VisualStudioVersion = 16.0.31005.135
MinimumVisualStudioVersion = 10.0.40219.1
Project("{9A19103F-16F7-4668-BE54-9A1E7A4F7556}") = "GildedRose.Console", "GildedRose.Console\GildedRose.Console.csproj", "{FA09A7B8-EC61-4989-AEB9-C815FB2E7E71}"
EndProject
Project("{9A19103F-16F7-4668-BE54-9A1E7A4F7556}") = "GildedRose.Tests", "GildedRose.Tests\GildedRose.Tests.csproj", "{015AA537-271E-4B9F-98BD-EE1E6876D86B}"
EndProject
Project("{2150E333-8FDC-42A3-9474-1A3956D46DE8}") = "00.Solution Items", "00.Solution Items", "{D21543FE-8678-4B54-BEAC-233C8E424778}"
	ProjectSection(SolutionItems) = preProject
		..\README.md = ..\README.md
	EndProjectSection
EndProject
Project("{2150E333-8FDC-42A3-9474-1A3956D46DE8}") = "Stock", "Stock", "{9991D4B9-378E-41C3-B334-75AB17D5C582}"
EndProject
Project("{2150E333-8FDC-42A3-9474-1A3956D46DE8}") = "02.Modules", "02.Modules", "{E5F93E61-CB84-4F5D-B077-A3CE9B7E5E3D}"
EndProject
Project("{9A19103F-16F7-4668-BE54-9A1E7A4F7556}") = "GildedRose.Stock.Domain", "Modules\GildedRose.Stock.Domain\GildedRose.Stock.Domain.csproj", "{F0EC49AE-8317-4AC0-BD44-F766FA648396}"
EndProject
Project("{9A19103F-16F7-4668-BE54-9A1E7A4F7556}") = "GildedRose.Stock.Infrastructure", "Modules\GildedRose.Stock.Infrastructure\GildedRose.Stock.Infrastructure.csproj", "{7963A626-EFAD-4452-A83F-74ECA3DE8581}"
EndProject
Project("{9A19103F-16F7-4668-BE54-9A1E7A4F7556}") = "GildedRose.Stock.Application", "Modules\GildedRose.Stock.Application\GildedRose.Stock.Application.csproj", "{E40E060A-EC13-49D4-8684-A1F76365EA6B}"
EndProject
Project("{2150E333-8FDC-42A3-9474-1A3956D46DE8}") = "03.GildedRose.Api", "03.GildedRose.Api", "{B9E844A8-8609-4642-AD94-14A44493E830}"
EndProject
Project("{2150E333-8FDC-42A3-9474-1A3956D46DE8}") = "04.GuildedRose.UI", "04.GuildedRose.UI", "{B2794BB0-21DB-46F4-A667-4DE03E6456F2}"
EndProject
Project("{9A19103F-16F7-4668-BE54-9A1E7A4F7556}") = "GildedRose.Stock.Applications.Tests", "Modules\GildedRose.Stock.Applications.Tests\GildedRose.Stock.Applications.Tests.csproj", "{8E138544-18F3-490A-99B7-84068F6236C2}"
EndProject
Project("{9A19103F-16F7-4668-BE54-9A1E7A4F7556}") = "GildedRose.Stock.Domain.Tests", "Modules\GildedRose.Stock.Domain.Tests\GildedRose.Stock.Domain.Tests.csproj", "{290C9ECD-C956-4CA4-81F0-787422C0A565}"
EndProject
Project("{2150E333-8FDC-42A3-9474-1A3956D46DE8}") = "Domain", "Domain", "{11A28F36-CB6E-47A2-8153-8982F3555395}"
EndProject
Project("{2150E333-8FDC-42A3-9474-1A3956D46DE8}") = "Application", "Application", "{9470FEF6-F99A-4387-8056-DC40BB8A1F8D}"
EndProject
Project("{2150E333-8FDC-42A3-9474-1A3956D46DE8}") = "Infrastructure", "Infrastructure", "{9BBA5894-F2F8-49AC-8DFF-D150E623A510}"
EndProject
Project("{9A19103F-16F7-4668-BE54-9A1E7A4F7556}") = "GildedRose.Api", "GildedRose.Api\GildedRose.Api.csproj", "{9CA01BF9-55A4-40CC-AEFF-6A9C2DAC5E5F}"
EndProject
Project("{FAE04EC0-301F-11D3-BF4B-00C04F79EFBC}") = "GildedRose.Core.BuildingBlocks", "Modules\GildedRose.Core.BuildingBlocks\GildedRose.Core.BuildingBlocks.csproj", "{8A3A67F8-5A3C-4224-BA69-8C8A2312A270}"
EndProject
Project("{2150E333-8FDC-42A3-9474-1A3956D46DE8}") = "01.Core", "01.Core", "{F906591C-31FC-4303-8A57-A7B87B929538}"
EndProject
Global
	GlobalSection(SolutionConfigurationPlatforms) = preSolution
		Debug|Any CPU = Debug|Any CPU
		Release|Any CPU = Release|Any CPU
	EndGlobalSection
	GlobalSection(ProjectConfigurationPlatforms) = postSolution
		{FA09A7B8-EC61-4989-AEB9-C815FB2E7E71}.Debug|Any CPU.ActiveCfg = Debug|Any CPU
		{FA09A7B8-EC61-4989-AEB9-C815FB2E7E71}.Debug|Any CPU.Build.0 = Debug|Any CPU
		{FA09A7B8-EC61-4989-AEB9-C815FB2E7E71}.Release|Any CPU.ActiveCfg = Release|Any CPU
		{FA09A7B8-EC61-4989-AEB9-C815FB2E7E71}.Release|Any CPU.Build.0 = Release|Any CPU
		{015AA537-271E-4B9F-98BD-EE1E6876D86B}.Debug|Any CPU.ActiveCfg = Debug|Any CPU
		{015AA537-271E-4B9F-98BD-EE1E6876D86B}.Debug|Any CPU.Build.0 = Debug|Any CPU
		{015AA537-271E-4B9F-98BD-EE1E6876D86B}.Release|Any CPU.ActiveCfg = Release|Any CPU
		{015AA537-271E-4B9F-98BD-EE1E6876D86B}.Release|Any CPU.Build.0 = Release|Any CPU
		{F0EC49AE-8317-4AC0-BD44-F766FA648396}.Debug|Any CPU.ActiveCfg = Debug|Any CPU
		{F0EC49AE-8317-4AC0-BD44-F766FA648396}.Debug|Any CPU.Build.0 = Debug|Any CPU
		{F0EC49AE-8317-4AC0-BD44-F766FA648396}.Release|Any CPU.ActiveCfg = Release|Any CPU
		{F0EC49AE-8317-4AC0-BD44-F766FA648396}.Release|Any CPU.Build.0 = Release|Any CPU
		{7963A626-EFAD-4452-A83F-74ECA3DE8581}.Debug|Any CPU.ActiveCfg = Debug|Any CPU
		{7963A626-EFAD-4452-A83F-74ECA3DE8581}.Debug|Any CPU.Build.0 = Debug|Any CPU
		{7963A626-EFAD-4452-A83F-74ECA3DE8581}.Release|Any CPU.ActiveCfg = Release|Any CPU
		{7963A626-EFAD-4452-A83F-74ECA3DE8581}.Release|Any CPU.Build.0 = Release|Any CPU
		{E40E060A-EC13-49D4-8684-A1F76365EA6B}.Debug|Any CPU.ActiveCfg = Debug|Any CPU
		{E40E060A-EC13-49D4-8684-A1F76365EA6B}.Debug|Any CPU.Build.0 = Debug|Any CPU
		{E40E060A-EC13-49D4-8684-A1F76365EA6B}.Release|Any CPU.ActiveCfg = Release|Any CPU
		{E40E060A-EC13-49D4-8684-A1F76365EA6B}.Release|Any CPU.Build.0 = Release|Any CPU
		{8E138544-18F3-490A-99B7-84068F6236C2}.Debug|Any CPU.ActiveCfg = Debug|Any CPU
		{8E138544-18F3-490A-99B7-84068F6236C2}.Debug|Any CPU.Build.0 = Debug|Any CPU
		{8E138544-18F3-490A-99B7-84068F6236C2}.Release|Any CPU.ActiveCfg = Release|Any CPU
		{8E138544-18F3-490A-99B7-84068F6236C2}.Release|Any CPU.Build.0 = Release|Any CPU
		{290C9ECD-C956-4CA4-81F0-787422C0A565}.Debug|Any CPU.ActiveCfg = Debug|Any CPU
		{290C9ECD-C956-4CA4-81F0-787422C0A565}.Debug|Any CPU.Build.0 = Debug|Any CPU
		{290C9ECD-C956-4CA4-81F0-787422C0A565}.Release|Any CPU.ActiveCfg = Release|Any CPU
		{290C9ECD-C956-4CA4-81F0-787422C0A565}.Release|Any CPU.Build.0 = Release|Any CPU
		{9CA01BF9-55A4-40CC-AEFF-6A9C2DAC5E5F}.Debug|Any CPU.ActiveCfg = Debug|Any CPU
		{9CA01BF9-55A4-40CC-AEFF-6A9C2DAC5E5F}.Debug|Any CPU.Build.0 = Debug|Any CPU
		{9CA01BF9-55A4-40CC-AEFF-6A9C2DAC5E5F}.Release|Any CPU.ActiveCfg = Release|Any CPU
		{9CA01BF9-55A4-40CC-AEFF-6A9C2DAC5E5F}.Release|Any CPU.Build.0 = Release|Any CPU
		{8A3A67F8-5A3C-4224-BA69-8C8A2312A270}.Debug|Any CPU.ActiveCfg = Debug|Any CPU
		{8A3A67F8-5A3C-4224-BA69-8C8A2312A270}.Debug|Any CPU.Build.0 = Debug|Any CPU
		{8A3A67F8-5A3C-4224-BA69-8C8A2312A270}.Release|Any CPU.ActiveCfg = Release|Any CPU
		{8A3A67F8-5A3C-4224-BA69-8C8A2312A270}.Release|Any CPU.Build.0 = Release|Any CPU
	EndGlobalSection
	GlobalSection(SolutionProperties) = preSolution
		HideSolutionNode = FALSE
	EndGlobalSection
	GlobalSection(NestedProjects) = preSolution
		{FA09A7B8-EC61-4989-AEB9-C815FB2E7E71} = {B2794BB0-21DB-46F4-A667-4DE03E6456F2}
		{015AA537-271E-4B9F-98BD-EE1E6876D86B} = {B2794BB0-21DB-46F4-A667-4DE03E6456F2}
		{9991D4B9-378E-41C3-B334-75AB17D5C582} = {E5F93E61-CB84-4F5D-B077-A3CE9B7E5E3D}
		{F0EC49AE-8317-4AC0-BD44-F766FA648396} = {11A28F36-CB6E-47A2-8153-8982F3555395}
		{7963A626-EFAD-4452-A83F-74ECA3DE8581} = {9BBA5894-F2F8-49AC-8DFF-D150E623A510}
		{E40E060A-EC13-49D4-8684-A1F76365EA6B} = {9470FEF6-F99A-4387-8056-DC40BB8A1F8D}
		{8E138544-18F3-490A-99B7-84068F6236C2} = {9470FEF6-F99A-4387-8056-DC40BB8A1F8D}
		{290C9ECD-C956-4CA4-81F0-787422C0A565} = {11A28F36-CB6E-47A2-8153-8982F3555395}
		{11A28F36-CB6E-47A2-8153-8982F3555395} = {9991D4B9-378E-41C3-B334-75AB17D5C582}
		{9470FEF6-F99A-4387-8056-DC40BB8A1F8D} = {9991D4B9-378E-41C3-B334-75AB17D5C582}
		{9BBA5894-F2F8-49AC-8DFF-D150E623A510} = {9991D4B9-378E-41C3-B334-75AB17D5C582}
		{9CA01BF9-55A4-40CC-AEFF-6A9C2DAC5E5F} = {B9E844A8-8609-4642-AD94-14A44493E830}
		{8A3A67F8-5A3C-4224-BA69-8C8A2312A270} = {F906591C-31FC-4303-8A57-A7B87B929538}
	EndGlobalSection
	GlobalSection(ExtensibilityGlobals) = postSolution
		SolutionGuid = {F2986FA7-7EAA-4A8E-9092-7E864091FDD3}
	EndGlobalSection
EndGlobal
